// !$*UTF8*$!
{
	archiveVersion = 1;
	classes = {
	};
	objectVersion = 46;
	objects = {

/* Begin PBXBuildFile section */
		3FBC2C8C180D8170005D1DAB /* UIKit.framework in Frameworks */ = {isa = PBXBuildFile; fileRef = 3FBC2C8B180D8170005D1DAB /* UIKit.framework */; };
		3FBC2C8E180D8170005D1DAB /* Foundation.framework in Frameworks */ = {isa = PBXBuildFile; fileRef = 3FBC2C8D180D8170005D1DAB /* Foundation.framework */; };
		3FBC2C90180D8170005D1DAB /* CoreGraphics.framework in Frameworks */ = {isa = PBXBuildFile; fileRef = 3FBC2C8F180D8170005D1DAB /* CoreGraphics.framework */; };
		3FBC2C96180D8170005D1DAB /* InfoPlist.strings in Resources */ = {isa = PBXBuildFile; fileRef = 3FBC2C94180D8170005D1DAB /* InfoPlist.strings */; };
		3FBC2C98180D8170005D1DAB /* main.m in Sources */ = {isa = PBXBuildFile; fileRef = 3FBC2C97180D8170005D1DAB /* main.m */; };
		3FBC2C9C180D8170005D1DAB /* NPF3AppDelegate.m in Sources */ = {isa = PBXBuildFile; fileRef = 3FBC2C9B180D8170005D1DAB /* NPF3AppDelegate.m */; };
		3FBC2C9E180D8170005D1DAB /* Default.png in Resources */ = {isa = PBXBuildFile; fileRef = 3FBC2C9D180D8170005D1DAB /* Default.png */; };
		3FBC2CA0180D8170005D1DAB /* Default@2x.png in Resources */ = {isa = PBXBuildFile; fileRef = 3FBC2C9F180D8170005D1DAB /* Default@2x.png */; };
		3FBC2CA2180D8170005D1DAB /* Default-568h@2x.png in Resources */ = {isa = PBXBuildFile; fileRef = 3FBC2CA1180D8170005D1DAB /* Default-568h@2x.png */; };
		3FBC2CA5180D8170005D1DAB /* NPF3ViewController.m in Sources */ = {isa = PBXBuildFile; fileRef = 3FBC2CA4180D8170005D1DAB /* NPF3ViewController.m */; };
		3FBC2CA8180D8170005D1DAB /* NPF3ViewController.xib in Resources */ = {isa = PBXBuildFile; fileRef = 3FBC2CA6180D8170005D1DAB /* NPF3ViewController.xib */; };
/* End PBXBuildFile section */

/* Begin PBXFileReference section */
		3FBC2C88180D8170005D1DAB /* NPF3.app */ = {isa = PBXFileReference; explicitFileType = wrapper.application; includeInIndex = 0; path = NPF3.app; sourceTree = BUILT_PRODUCTS_DIR; };
		3FBC2C8B180D8170005D1DAB /* UIKit.framework */ = {isa = PBXFileReference; lastKnownFileType = wrapper.framework; name = UIKit.framework; path = System/Library/Frameworks/UIKit.framework; sourceTree = SDKROOT; };
		3FBC2C8D180D8170005D1DAB /* Foundation.framework */ = {isa = PBXFileReference; lastKnownFileType = wrapper.framework; name = Foundation.framework; path = System/Library/Frameworks/Foundation.framework; sourceTree = SDKROOT; };
		3FBC2C8F180D8170005D1DAB /* CoreGraphics.framework */ = {isa = PBXFileReference; lastKnownFileType = wrapper.framework; name = CoreGraphics.framework; path = System/Library/Frameworks/CoreGraphics.framework; sourceTree = SDKROOT; };
		3FBC2C93180D8170005D1DAB /* NPF3-Info.plist */ = {isa = PBXFileReference; lastKnownFileType = text.plist.xml; path = "NPF3-Info.plist"; sourceTree = "<group>"; };
		3FBC2C95180D8170005D1DAB /* en */ = {isa = PBXFileReference; lastKnownFileType = text.plist.strings; name = en; path = en.lproj/InfoPlist.strings; sourceTree = "<group>"; };
		3FBC2C97180D8170005D1DAB /* main.m */ = {isa = PBXFileReference; lastKnownFileType = sourcecode.c.objc; path = main.m; sourceTree = "<group>"; };
		3FBC2C99180D8170005D1DAB /* NPF3-Prefix.pch */ = {isa = PBXFileReference; lastKnownFileType = sourcecode.c.h; path = "NPF3-Prefix.pch"; sourceTree = "<group>"; };
		3FBC2C9A180D8170005D1DAB /* NPF3AppDelegate.h */ = {isa = PBXFileReference; lastKnownFileType = sourcecode.c.h; path = NPF3AppDelegate.h; sourceTree = "<group>"; };
		3FBC2C9B180D8170005D1DAB /* NPF3AppDelegate.m */ = {isa = PBXFileReference; lastKnownFileType = sourcecode.c.objc; path = NPF3AppDelegate.m; sourceTree = "<group>"; };
		3FBC2C9D180D8170005D1DAB /* Default.png */ = {isa = PBXFileReference; lastKnownFileType = image.png; path = Default.png; sourceTree = "<group>"; };
		3FBC2C9F180D8170005D1DAB /* Default@2x.png */ = {isa = PBXFileReference; lastKnownFileType = image.png; path = "Default@2x.png"; sourceTree = "<group>"; };
		3FBC2CA1180D8170005D1DAB /* Default-568h@2x.png */ = {isa = PBXFileReference; lastKnownFileType = image.png; path = "Default-568h@2x.png"; sourceTree = "<group>"; };
		3FBC2CA3180D8170005D1DAB /* NPF3ViewController.h */ = {isa = PBXFileReference; lastKnownFileType = sourcecode.c.h; path = NPF3ViewController.h; sourceTree = "<group>"; };
		3FBC2CA4180D8170005D1DAB /* NPF3ViewController.m */ = {isa = PBXFileReference; lastKnownFileType = sourcecode.c.objc; path = NPF3ViewController.m; sourceTree = "<group>"; };
		3FBC2CA7180D8170005D1DAB /* en */ = {isa = PBXFileReference; lastKnownFileType = file.xib; name = en; path = en.lproj/NPF3ViewController.xib; sourceTree = "<group>"; };
/* End PBXFileReference section */

/* Begin PBXFrameworksBuildPhase section */
		3FBC2C85180D8170005D1DAB /* Frameworks */ = {
			isa = PBXFrameworksBuildPhase;
			buildActionMask = 2147483647;
			files = (
				3FBC2C8C180D8170005D1DAB /* UIKit.framework in Frameworks */,
				3FBC2C8E180D8170005D1DAB /* Foundation.framework in Frameworks */,
				3FBC2C90180D8170005D1DAB /* CoreGraphics.framework in Frameworks */,
			);
			runOnlyForDeploymentPostprocessing = 0;
		};
/* End PBXFrameworksBuildPhase section */

/* Begin PBXGroup section */
		3FBC2C7F180D8170005D1DAB = {
			isa = PBXGroup;
			children = (
				3FBC2C91180D8170005D1DAB /* NPF3 */,
				3FBC2C8A180D8170005D1DAB /* Frameworks */,
				3FBC2C89180D8170005D1DAB /* Products */,
			);
			sourceTree = "<group>";
		};
		3FBC2C89180D8170005D1DAB /* Products */ = {
			isa = PBXGroup;
			children = (
				3FBC2C88180D8170005D1DAB /* NPF3.app */,
			);
			name = Products;
			sourceTree = "<group>";
		};
		3FBC2C8A180D8170005D1DAB /* Frameworks */ = {
			isa = PBXGroup;
			children = (
				3FBC2C8B180D8170005D1DAB /* UIKit.framework */,
				3FBC2C8D180D8170005D1DAB /* Foundation.framework */,
				3FBC2C8F180D8170005D1DAB /* CoreGraphics.framework */,
			);
			name = Frameworks;
			sourceTree = "<group>";
		};
		3FBC2C91180D8170005D1DAB /* NPF3 */ = {
			isa = PBXGroup;
			children = (
				3FBC2C9A180D8170005D1DAB /* NPF3AppDelegate.h */,
				3FBC2C9B180D8170005D1DAB /* NPF3AppDelegate.m */,
				3FBC2CA3180D8170005D1DAB /* NPF3ViewController.h */,
				3FBC2CA4180D8170005D1DAB /* NPF3ViewController.m */,
				3FBC2CA6180D8170005D1DAB /* NPF3ViewController.xib */,
				3FBC2C92180D8170005D1DAB /* Supporting Files */,
			);
			path = NPF3;
			sourceTree = "<group>";
		};
		3FBC2C92180D8170005D1DAB /* Supporting Files */ = {
			isa = PBXGroup;
			children = (
				3FBC2C93180D8170005D1DAB /* NPF3-Info.plist */,
				3FBC2C94180D8170005D1DAB /* InfoPlist.strings */,
				3FBC2C97180D8170005D1DAB /* main.m */,
				3FBC2C99180D8170005D1DAB /* NPF3-Prefix.pch */,
				3FBC2C9D180D8170005D1DAB /* Default.png */,
				3FBC2C9F180D8170005D1DAB /* Default@2x.png */,
				3FBC2CA1180D8170005D1DAB /* Default-568h@2x.png */,
			);
			name = "Supporting Files";
			sourceTree = "<group>";
		};
/* End PBXGroup section */

/* Begin PBXNativeTarget section */
		3FBC2C87180D8170005D1DAB /* NPF3 */ = {
			isa = PBXNativeTarget;
			buildConfigurationList = 3FBC2CAB180D8170005D1DAB /* Build configuration list for PBXNativeTarget "NPF3" */;
			buildPhases = (
				3FBC2C84180D8170005D1DAB /* Sources */,
				3FBC2C85180D8170005D1DAB /* Frameworks */,
				3FBC2C86180D8170005D1DAB /* Resources */,
			);
			buildRules = (
			);
			dependencies = (
			);
			name = NPF3;
			productName = NPF3;
			productReference = 3FBC2C88180D8170005D1DAB /* NPF3.app */;
			productType = "com.apple.product-type.application";
		};
/* End PBXNativeTarget section */

/* Begin PBXProject section */
		3FBC2C80180D8170005D1DAB /* Project object */ = {
			isa = PBXProject;
			attributes = {
				CLASSPREFIX = NPF3;
				LastUpgradeCheck = 0460;
				ORGANIZATIONNAME = "Nick Smith";
			};
			buildConfigurationList = 3FBC2C83180D8170005D1DAB /* Build configuration list for PBXProject "NPF3" */;
			compatibilityVersion = "Xcode 3.2";
			developmentRegion = English;
			hasScannedForEncodings = 0;
			knownRegions = (
				en,
			);
			mainGroup = 3FBC2C7F180D8170005D1DAB;
			productRefGroup = 3FBC2C89180D8170005D1DAB /* Products */;
			projectDirPath = "";
			projectRoot = "";
			targets = (
				3FBC2C87180D8170005D1DAB /* NPF3 */,
			);
		};
/* End PBXProject section */

/* Begin PBXResourcesBuildPhase section */
		3FBC2C86180D8170005D1DAB /* Resources */ = {
			isa = PBXResourcesBuildPhase;
			buildActionMask = 2147483647;
			files = (
				3FBC2C96180D8170005D1DAB /* InfoPlist.strings in Resources */,
				3FBC2C9E180D8170005D1DAB /* Default.png in Resources */,
				3FBC2CA0180D8170005D1DAB /* Default@2x.png in Resources */,
				3FBC2CA2180D8170005D1DAB /* Default-568h@2x.png in Resources */,
				3FBC2CA8180D8170005D1DAB /* NPF3ViewController.xib in Resources */,
			);
			runOnlyForDeploymentPostprocessing = 0;
		};
/* End PBXResourcesBuildPhase section */

/* Begin PBXSourcesBuildPhase section */
		3FBC2C84180D8170005D1DAB /* Sources */ = {
			isa = PBXSourcesBuildPhase;
			buildActionMask = 2147483647;
			files = (
				3FBC2C98180D8170005D1DAB /* main.m in Sources */,
				3FBC2C9C180D8170005D1DAB /* NPF3AppDelegate.m in Sources */,
				3FBC2CA5180D8170005D1DAB /* NPF3ViewController.m in Sources */,
			);
			runOnlyForDeploymentPostprocessing = 0;
		};
/* End PBXSourcesBuildPhase section */

/* Begin PBXVariantGroup section */
		3FBC2C94180D8170005D1DAB /* InfoPlist.strings */ = {
			isa = PBXVariantGroup;
			children = (
				3FBC2C95180D8170005D1DAB /* en */,
			);
			name = InfoPlist.strings;
			sourceTree = "<group>";
		};
		3FBC2CA6180D8170005D1DAB /* NPF3ViewController.xib */ = {
			isa = PBXVariantGroup;
			children = (
				3FBC2CA7180D8170005D1DAB /* en */,
			);
			name = NPF3ViewController.xib;
			sourceTree = "<group>";
		};
/* End PBXVariantGroup section */

/* Begin XCBuildConfiguration section */
		3FBC2CA9180D8170005D1DAB /* Debug */ = {
			isa = XCBuildConfiguration;
			buildSettings = {
				ALWAYS_SEARCH_USER_PATHS = NO;
				CLANG_CXX_LANGUAGE_STANDARD = "gnu++0x";
				CLANG_CXX_LIBRARY = "libc++";
				CLANG_ENABLE_OBJC_ARC = YES;
				CLANG_WARN_CONSTANT_CONVERSION = YES;
				CLANG_WARN_EMPTY_BODY = YES;
				CLANG_WARN_ENUM_CONVERSION = YES;
				CLANG_WARN_INT_CONVERSION = YES;
				CLANG_WARN__DUPLICATE_METHOD_MATCH = YES;
				"CODE_SIGN_IDENTITY[sdk=iphoneos*]" = "iPhone Developer";
				COPY_PHASE_STRIP = NO;
				GCC_C_LANGUAGE_STANDARD = gnu99;
				GCC_DYNAMIC_NO_PIC = NO;
				GCC_OPTIMIZATION_LEVEL = 0;
				GCC_PREPROCESSOR_DEFINITIONS = (
					"DEBUG=1",
					"$(inherited)",
				);
				GCC_SYMBOLS_PRIVATE_EXTERN = NO;
				GCC_WARN_ABOUT_RETURN_TYPE = YES;
				GCC_WARN_UNINITIALIZED_AUTOS = YES;
				GCC_WARN_UNUSED_VARIABLE = YES;
				IPHONEOS_DEPLOYMENT_TARGET = 6.1;
				ONLY_ACTIVE_ARCH = YES;
				SDKROOT = iphoneos;
			};
			name = Debug;
		};
		3FBC2CAA180D8170005D1DAB /* Release */ = {
			isa = XCBuildConfiguration;
			buildSettings = {
				ALWAYS_SEARCH_USER_PATHS = NO;
				CLANG_CXX_LANGUAGE_STANDARD = "gnu++0x";
				CLANG_CXX_LIBRARY = "libc++";
				CLANG_ENABLE_OBJC_ARC = YES;
				CLANG_WARN_CONSTANT_CONVERSION = YES;
				CLANG_WARN_EMPTY_BODY = YES;
				CLANG_WARN_ENUM_CONVERSION = YES;
				CLANG_WARN_INT_CONVERSION = YES;
				CLANG_WARN__DUPLICATE_METHOD_MATCH = YES;
				"CODE_SIGN_IDENTITY[sdk=iphoneos*]" = "iPhone Developer";
				COPY_PHASE_STRIP = YES;
				GCC_C_LANGUAGE_STANDARD = gnu99;
				GCC_WARN_ABOUT_RETURN_TYPE = YES;
				GCC_WARN_UNINITIALIZED_AUTOS = YES;
				GCC_WARN_UNUSED_VARIABLE = YES;
				IPHONEOS_DEPLOYMENT_TARGET = 6.1;
				OTHER_CFLAGS = "-DNS_BLOCK_ASSERTIONS=1";
				SDKROOT = iphoneos;
				VALIDATE_PRODUCT = YES;
			};
			name = Release;
		};
		3FBC2CAC180D8170005D1DAB /* Debug */ = {
			isa = XCBuildConfiguration;
			buildSettings = {
				GCC_PRECOMPILE_PREFIX_HEADER = YES;
				GCC_PREFIX_HEADER = "NPF3/NPF3-Prefix.pch";
				INFOPLIST_FILE = "NPF3/NPF3-Info.plist";
				PRODUCT_NAME = "$(TARGET_NAME)";
				WRAPPER_EXTENSION = app;
			};
			name = Debug;
		};
		3FBC2CAD180D8170005D1DAB /* Release */ = {
			isa = XCBuildConfiguration;
			buildSettings = {
				GCC_PRECOMPILE_PREFIX_HEADER = YES;
				GCC_PREFIX_HEADER = "NPF3/NPF3-Prefix.pch";
				INFOPLIST_FILE = "NPF3/NPF3-Info.plist";
				PRODUCT_NAME = "$(TARGET_NAME)";
				WRAPPER_EXTENSION = app;
			};
			name = Release;
		};
/* End XCBuildConfiguration section */

/* Begin XCConfigurationList section */
		3FBC2C83180D8170005D1DAB /* Build configuration list for PBXProject "NPF3" */ = {
			isa = XCConfigurationList;
			buildConfigurations = (
				3FBC2CA9180D8170005D1DAB /* Debug */,
				3FBC2CAA180D8170005D1DAB /* Release */,
			);
			defaultConfigurationIsVisible = 0;
			defaultConfigurationName = Release;
		};
		3FBC2CAB180D8170005D1DAB /* Build configuration list for PBXNativeTarget "NPF3" */ = {
			isa = XCConfigurationList;
			buildConfigurations = (
				3FBC2CAC180D8170005D1DAB /* Debug */,
				3FBC2CAD180D8170005D1DAB /* Release */,
			);
			defaultConfigurationIsVisible = 0;
		};
/* End XCConfigurationList section */
	};
	rootObject = 3FBC2C80180D8170005D1DAB /* Project object */;
}
